{
  "version": 2,
  "dependencies": {
    "net10.0": {
      "Microsoft.CodeAnalysis.NetAnalyzers": {
        "type": "Direct",
        "requested": "[10.0.202, )",
        "resolved": "10.0.202",
        "contentHash": "ZC4WsiOnzyUHIZ3uGN4popaYPh2NgYcXZ/CpMpAb3mVF/HvBGlBtlredzZMKgcHqlm+ygqJh6qfhUSc/OJ0hWQ=="
      },
      "netmetric.crm.core": {
        "type": "Project",
        "dependencies": {
          "NetMetric.CRM.SharedKernel": "[1.0.0, )",
          "NetMetric.CRM.Types": "[1.0.0, )",
          "NetMetric.Entities": "[1.0.0, )"
        }
      },
      "netmetric.crm.servicemanagement": {
        "type": "Project",
        "dependencies": {
          "NetMetric.Entities": "[1.0.0, )",
          "NetMetric.Guards": "[1.0.0, )"
        }
      },
      "netmetric.crm.sharedkernel": {
        "type": "Project",
        "dependencies": {
          "NetMetric.Entities": "[1.0.0, )"
        }
      },
      "netmetric.crm.types": {
        "type": "Project"
      },
      "netmetric.entities": {
        "type": "Project",
        "dependencies": {
          "NetMetric.Entities.Abstractions": "[1.0.0, )"
        }
      },
      "netmetric.entities.abstractions": {
        "type": "Project"
      },
      "netmetric.guards": {
        "type": "Project"
      }
    }
  }
}